# This file is generated by running "yarn install" inside your project.
# Manual changes might be lost - proceed with caution!

__metadata:
  version: 7
  cacheKey: 9

"@esbuild/linux-loong64@npm:0.14.53":
  version: 0.14.53
  resolution: "@esbuild/linux-loong64@npm:0.14.53"
  conditions: os=linux & cpu=loong64
  languageName: node
  linkType: hard

"@yarnpkg/esbuild-plugin-pnp@npm:^3.0.0-rc.14":
  version: 3.0.0-rc.14
  resolution: "@yarnpkg/esbuild-plugin-pnp@npm:3.0.0-rc.14"
  dependencies:
    tslib: "npm:^1.13.0"
  peerDependencies:
    esbuild: ">=0.10.0"
  checksum: 90401bc3024722d6eeea504529bfa1f915e1e02aaaeb70b48c7b8fe15b1123c60b590c467b5da44f2c8d7e10ed57e847d0c23f2e2cf58aa4337560a0f66fb87d
  languageName: node
  linkType: hard

"esbuild-android-64@npm:0.14.53":
  version: 0.14.53
  resolution: "esbuild-android-64@npm:0.14.53"
  conditions: os=android & cpu=x64
  languageName: node
  linkType: hard

"esbuild-android-arm64@npm:0.14.53":
  version: 0.14.53
  resolution: "esbuild-android-arm64@npm:0.14.53"
  conditions: os=android & cpu=arm64
  languageName: node
  linkType: hard

"esbuild-darwin-64@npm:0.14.53":
  version: 0.14.53
  resolution: "esbuild-darwin-64@npm:0.14.53"
  conditions: os=darwin & cpu=x64
  languageName: node
  linkType: hard

"esbuild-darwin-arm64@npm:0.14.53":
  version: 0.14.53
  resolution: "esbuild-darwin-arm64@npm:0.14.53"
  conditions: os=darwin & cpu=arm64
  languageName: node
  linkType: hard

"esbuild-freebsd-64@npm:0.14.53":
  version: 0.14.53
  resolution: "esbuild-freebsd-64@npm:0.14.53"
  conditions: os=freebsd & cpu=x64
  languageName: node
  linkType: hard

"esbuild-freebsd-arm64@npm:0.14.53":
  version: 0.14.53
  resolution: "esbuild-freebsd-arm64@npm:0.14.53"
  conditions: os=freebsd & cpu=arm64
  languageName: node
  linkType: hard

"esbuild-linux-32@npm:0.14.53":
  version: 0.14.53
  resolution: "esbuild-linux-32@npm:0.14.53"
  conditions: os=linux & cpu=ia32
  languageName: node
  linkType: hard

"esbuild-linux-64@npm:0.14.53":
  version: 0.14.53
  resolution: "esbuild-linux-64@npm:0.14.53"
  conditions: os=linux & cpu=x64
  languageName: node
  linkType: hard

"esbuild-linux-arm64@npm:0.14.53":
  version: 0.14.53
  resolution: "esbuild-linux-arm64@npm:0.14.53"
  conditions: os=linux & cpu=arm64
  languageName: node
  linkType: hard

"esbuild-linux-arm@npm:0.14.53":
  version: 0.14.53
  resolution: "esbuild-linux-arm@npm:0.14.53"
  conditions: os=linux & cpu=arm
  languageName: node
  linkType: hard

"esbuild-linux-mips64le@npm:0.14.53":
  version: 0.14.53
  resolution: "esbuild-linux-mips64le@npm:0.14.53"
  conditions: os=linux & cpu=mips64el
  languageName: node
  linkType: hard

"esbuild-linux-ppc64le@npm:0.14.53":
  version: 0.14.53
  resolution: "esbuild-linux-ppc64le@npm:0.14.53"
  conditions: os=linux & cpu=ppc64
  languageName: node
  linkType: hard

"esbuild-linux-riscv64@npm:0.14.53":
  version: 0.14.53
  resolution: "esbuild-linux-riscv64@npm:0.14.53"
  conditions: os=linux & cpu=riscv64
  languageName: node
  linkType: hard

"esbuild-linux-s390x@npm:0.14.53":
  version: 0.14.53
  resolution: "esbuild-linux-s390x@npm:0.14.53"
  conditions: os=linux & cpu=s390x
  languageName: node
  linkType: hard

"esbuild-netbsd-64@npm:0.14.53":
  version: 0.14.53
  resolution: "esbuild-netbsd-64@npm:0.14.53"
  conditions: os=netbsd & cpu=x64
  languageName: node
  linkType: hard

"esbuild-openbsd-64@npm:0.14.53":
  version: 0.14.53
  resolution: "esbuild-openbsd-64@npm:0.14.53"
  conditions: os=openbsd & cpu=x64
  languageName: node
  linkType: hard

"esbuild-sunos-64@npm:0.14.53":
  version: 0.14.53
  resolution: "esbuild-sunos-64@npm:0.14.53"
  conditions: os=sunos & cpu=x64
  languageName: node
  linkType: hard

"esbuild-windows-32@npm:0.14.53":
  version: 0.14.53
  resolution: "esbuild-windows-32@npm:0.14.53"
  conditions: os=win32 & cpu=ia32
  languageName: node
  linkType: hard

"esbuild-windows-64@npm:0.14.53":
  version: 0.14.53
  resolution: "esbuild-windows-64@npm:0.14.53"
  conditions: os=win32 & cpu=x64
  languageName: node
  linkType: hard

"esbuild-windows-arm64@npm:0.14.53":
  version: 0.14.53
  resolution: "esbuild-windows-arm64@npm:0.14.53"
  conditions: os=win32 & cpu=arm64
  languageName: node
  linkType: hard

"esbuild@npm:^0.14.53":
  version: 0.14.53
  resolution: "esbuild@npm:0.14.53"
  dependencies:
    "@esbuild/linux-loong64": "npm:0.14.53"
    esbuild-android-64: "npm:0.14.53"
    esbuild-android-arm64: "npm:0.14.53"
    esbuild-darwin-64: "npm:0.14.53"
    esbuild-darwin-arm64: "npm:0.14.53"
    esbuild-freebsd-64: "npm:0.14.53"
    esbuild-freebsd-arm64: "npm:0.14.53"
    esbuild-linux-32: "npm:0.14.53"
    esbuild-linux-64: "npm:0.14.53"
    esbuild-linux-arm: "npm:0.14.53"
    esbuild-linux-arm64: "npm:0.14.53"
    esbuild-linux-mips64le: "npm:0.14.53"
    esbuild-linux-ppc64le: "npm:0.14.53"
    esbuild-linux-riscv64: "npm:0.14.53"
    esbuild-linux-s390x: "npm:0.14.53"
    esbuild-netbsd-64: "npm:0.14.53"
    esbuild-openbsd-64: "npm:0.14.53"
    esbuild-sunos-64: "npm:0.14.53"
    esbuild-windows-32: "npm:0.14.53"
    esbuild-windows-64: "npm:0.14.53"
    esbuild-windows-arm64: "npm:0.14.53"
  dependenciesMeta:
    "@esbuild/linux-loong64":
      optional: true
    esbuild-android-64:
      optional: true
    esbuild-android-arm64:
      optional: true
    esbuild-darwin-64:
      optional: true
    esbuild-darwin-arm64:
      optional: true
    esbuild-freebsd-64:
      optional: true
    esbuild-freebsd-arm64:
      optional: true
    esbuild-linux-32:
      optional: true
    esbuild-linux-64:
      optional: true
    esbuild-linux-arm:
      optional: true
    esbuild-linux-arm64:
      optional: true
    esbuild-linux-mips64le:
      optional: true
    esbuild-linux-ppc64le:
      optional: true
    esbuild-linux-riscv64:
      optional: true
    esbuild-linux-s390x:
      optional: true
    esbuild-netbsd-64:
      optional: true
    esbuild-openbsd-64:
      optional: true
    esbuild-sunos-64:
      optional: true
    esbuild-windows-32:
      optional: true
    esbuild-windows-64:
      optional: true
    esbuild-windows-arm64:
      optional: true
  bin:
    esbuild: bin/esbuild
  checksum: 6ce34a87e97e063fad05e21ec452c4c7e2d09ff4e0333c65f79311476890aeffc79609d9d3ac20b0a938915ccd0558969435477df7e875e652f1c78a7b926019
  languageName: node
  linkType: hard

"preact-render-to-string@npm:*, preact-render-to-string@npm:^5.2.1":
  version: 5.2.1
  resolution: "preact-render-to-string@npm:5.2.1"
  dependencies:
    pretty-format: "npm:^3.8.0"
  peerDependencies:
    preact: ">=10"
  checksum: 306313128a0b53ebbdd09d70673fc890c2db0fa6a6efd150dec69de02e3c06b512132e2a9cc98a9eb92df99ecf8e27bf4966e0a927034b9b6bc4601ba6442f7b
  languageName: node
  linkType: hard

"preact-ssr-prepass@npm:^1.2.0":
  version: 1.2.0
  resolution: "preact-ssr-prepass@npm:1.2.0"
  peerDependencies:
    preact: ">=10 || ^10.0.0-beta.0 || ^10.0.0-alpha.0"
  checksum: 9a28f3f0bda9e470c353d67afd12664a8638c4a213e90eb73a0dc92fff37bf9132e8f259ea7cc1ffc8d537fd652ce1d8ed845538ef9d10a4c0bb4b434aaaab8a
  languageName: node
  linkType: hard

"preact-test@workspace:.":
  version: 0.0.0-use.local
  resolution: "preact-test@workspace:."
  dependencies:
    "@yarnpkg/esbuild-plugin-pnp": "npm:^3.0.0-rc.14"
    esbuild: "npm:^0.14.53"
    preact: "npm:^10.10.1"
    preact-render-to-string: "npm:^5.2.1"
    preact-ssr-prepass: "npm:^1.2.0"
    react: "npm:@preact/compat@*"
    react-dom: "npm:@preact/compat@*"
  languageName: unknown
  linkType: soft

"preact@npm:^10.10.1":
  version: 10.10.1
  resolution: "preact@npm:10.10.1"
  checksum: cd5d4614c476ec30d30c900f7ac3652677651239b6ab46ca3a0d0227fbbb9b565338f3d08c297167ff43e39d4dca7e0630e09255488b67be661d63655443bdca
  languageName: node
  linkType: hard

"pretty-format@npm:^3.8.0":
  version: 3.8.0
  resolution: "pretty-format@npm:3.8.0"
  checksum: 9b296c22bf6a0c345118d694a35073cb4a4a236a6096adecbbffefc237f703fc80357bd2603f7b51245656966cc44ce403873ce2f41632c24bd143e27f12f6f4
  languageName: node
  linkType: hard

"react-dom@npm:@preact/compat@*, react@npm:@preact/compat@*":
  version: 17.1.1
  resolution: "@preact/compat@npm:17.1.1"
  peerDependencies:
    preact: "*"
  checksum: 837e68f5e81f32da10e6bead2b73411e7c8e2ce8cb70f571aa83e408b1f5bd45ec7f950c8bd9fefb6588980677e59b31dbd177de680586facca0a1a626407eae
  languageName: node
  linkType: hard

"tslib@npm:^1.13.0":
  version: 1.14.1
  resolution: "tslib@npm:1.14.1"
  checksum: 441af59dc42ad4ae57140e62cb362369620c6076845c2c2b0ecc863c1d719ce24fdbc301e9053433fef43075e061bf84b702318ff1204b496a5bba10baf9eb9f
  languageName: node
  linkType: hard
